
Microsoft Visual Studio Solution File, Format Version 12.00
# Visual Studio Version 16
VisualStudioVersion = 16.0.31729.503
MinimumVisualStudioVersion = 10.0.40219.1
Project("{FAE04EC0-301F-11D3-BF4B-00C04F79EFBC}") = "FMML Launcher", "FMML Launcher.csproj", "{C98BDB22-4517-4F6B-8D3A-E74C22562D3D}"
EndProject
Global
	GlobalSection(SolutionConfigurationPlatforms) = preSolution
		Debug|Any CPU = Debug|Any CPU
		Release|Any CPU = Release|Any CPU
	EndGlobalSection
	GlobalSection(ProjectConfigurationPlatforms) = postSolution
		{C98BDB22-4517-4F6B-8D3A-E74C22562D3D}.Debug|Any CPU.ActiveCfg = Debug|Any CPU
		{C98BDB22-4517-4F6B-8D3A-E74C22562D3D}.Debug|Any CPU.Build.0 = Debug|Any CPU
		{C98BDB22-4517-4F6B-8D3A-E74C22562D3D}.Release|Any CPU.ActiveCfg = Release|Any CPU
		{C98BDB22-4517-4F6B-8D3A-E74C22562D3D}.Release|Any CPU.Build.0 = Release|Any CPU
	EndGlobalSection
	GlobalSection(SolutionProperties) = preSolution
		HideSolutionNode = FALSE
	EndGlobalSection
	GlobalSection(ExtensibilityGlobals) = postSolution
		SolutionGuid = {409D9496-276E-4245-91A8-816B6FBBFF4A}
	EndGlobalSection
EndGlobal
